
Microsoft Visual Studio Solution File, Format Version 12.00
# Visual Studio 14
VisualStudioVersion = 14.0.24720.0
MinimumVisualStudioVersion = 10.0.40219.1
Project("{888888A0-9F3D-457C-B088-3A5042F75D52}") = "LargestPalindromNumber", "LargestPalindromNumber\LargestPalindromNumber.pyproj", "{7CB5A7A1-8867-469F-82F7-CEAC044FC3FF}"
EndProject
Project("{888888A0-9F3D-457C-B088-3A5042F75D52}") = "JCPyTools", "JCPyTools\JCPyTools.pyproj", "{944695B1-DF7D-4D64-B31D-785082265D02}"
EndProject
Global
	GlobalSection(SolutionConfigurationPlatforms) = preSolution
		Debug|Any CPU = Debug|Any CPU
		Release|Any CPU = Release|Any CPU
	EndGlobalSection
	GlobalSection(ProjectConfigurationPlatforms) = postSolution
		{7CB5A7A1-8867-469F-82F7-CEAC044FC3FF}.Debug|Any CPU.ActiveCfg = Debug|Any CPU
		{7CB5A7A1-8867-469F-82F7-CEAC044FC3FF}.Release|Any CPU.ActiveCfg = Release|Any CPU
		{944695B1-DF7D-4D64-B31D-785082265D02}.Debug|Any CPU.ActiveCfg = Debug|Any CPU
		{944695B1-DF7D-4D64-B31D-785082265D02}.Release|Any CPU.ActiveCfg = Release|Any CPU
	EndGlobalSection
	GlobalSection(SolutionProperties) = preSolution
		HideSolutionNode = FALSE
	EndGlobalSection
EndGlobal
